
Microsoft Visual Studio Solution File, Format Version 12.00
# Visual Studio Version 17
VisualStudioVersion = 17.4.33403.182
MinimumVisualStudioVersion = 10.0.40219.1
Project("{8BC9CEB8-8B4A-11D0-8D11-00A0C91BC942}") = "DataTypes", "DataTypes\DataTypes.vcxproj", "{DABEBAA1-2D54-4B35-97AF-FA553B07CF68}"
EndProject
Global
	GlobalSection(SolutionConfigurationPlatforms) = preSolution
		Debug|x64 = Debug|x64
		Debug|x86 = Debug|x86
		Release|x64 = Release|x64
		Release|x86 = Release|x86
	EndGlobalSection
	GlobalSection(ProjectConfigurationPlatforms) = postSolution
		{DABEBAA1-2D54-4B35-97AF-FA553B07CF68}.Debug|x64.ActiveCfg = Debug|x64
		{DABEBAA1-2D54-4B35-97AF-FA553B07CF68}.Debug|x64.Build.0 = Debug|x64
		{DABEBAA1-2D54-4B35-97AF-FA553B07CF68}.Debug|x86.ActiveCfg = Debug|Win32
		{DABEBAA1-2D54-4B35-97AF-FA553B07CF68}.Debug|x86.Build.0 = Debug|Win32
		{DABEBAA1-2D54-4B35-97AF-FA553B07CF68}.Release|x64.ActiveCfg = Release|x64
		{DABEBAA1-2D54-4B35-97AF-FA553B07CF68}.Release|x64.Build.0 = Release|x64
		{DABEBAA1-2D54-4B35-97AF-FA553B07CF68}.Release|x86.ActiveCfg = Release|Win32
		{DABEBAA1-2D54-4B35-97AF-FA553B07CF68}.Release|x86.Build.0 = Release|Win32
	EndGlobalSection
	GlobalSection(SolutionProperties) = preSolution
		HideSolutionNode = FALSE
	EndGlobalSection
	GlobalSection(ExtensibilityGlobals) = postSolution
		SolutionGuid = {D03418B5-1CBD-4CB0-979C-D2F75A99C780}
	EndGlobalSection
EndGlobal
